
Microsoft Visual Studio Solution File, Format Version 12.00
# Visual Studio Version 17
VisualStudioVersion = 17.14.36623.8
MinimumVisualStudioVersion = 10.0.40219.1
Project("{FAE04EC0-301F-11D3-BF4B-00C04F79EFBC}") = "ConstructionServicesManagementSystem", "ConstructionServicesManagementSystem\ConstructionServicesManagementSystem.csproj", "{AB5CCE97-4D73-468A-A7D2-BB7BA726A1EF}"
EndProject
Project("{FAE04EC0-301F-11D3-BF4B-00C04F79EFBC}") = "ConstructionServicesManagementSystem.Tests", "ConstructionServicesManagementSystem.Tests\ConstructionServicesManagementSystem.Tests.csproj", "{10C6A7B7-9179-4FD7-B65A-BBCCCA22B475}"
EndProject
Global
	GlobalSection(SolutionConfigurationPlatforms) = preSolution
		Debug|Any CPU = Debug|Any CPU
		Debug|x64 = Debug|x64
		Debug|x86 = Debug|x86
		Release|Any CPU = Release|Any CPU
		Release|x64 = Release|x64
		Release|x86 = Release|x86
	EndGlobalSection
	GlobalSection(ProjectConfigurationPlatforms) = postSolution
		{AB5CCE97-4D73-468A-A7D2-BB7BA726A1EF}.Debug|Any CPU.ActiveCfg = Debug|Any CPU
		{AB5CCE97-4D73-468A-A7D2-BB7BA726A1EF}.Debug|Any CPU.Build.0 = Debug|Any CPU
		{AB5CCE97-4D73-468A-A7D2-BB7BA726A1EF}.Debug|x64.ActiveCfg = Debug|Any CPU
		{AB5CCE97-4D73-468A-A7D2-BB7BA726A1EF}.Debug|x64.Build.0 = Debug|Any CPU
		{AB5CCE97-4D73-468A-A7D2-BB7BA726A1EF}.Debug|x86.ActiveCfg = Debug|Any CPU
		{AB5CCE97-4D73-468A-A7D2-BB7BA726A1EF}.Debug|x86.Build.0 = Debug|Any CPU
		{AB5CCE97-4D73-468A-A7D2-BB7BA726A1EF}.Release|Any CPU.ActiveCfg = Release|Any CPU
		{AB5CCE97-4D73-468A-A7D2-BB7BA726A1EF}.Release|Any CPU.Build.0 = Release|Any CPU
		{AB5CCE97-4D73-468A-A7D2-BB7BA726A1EF}.Release|x64.ActiveCfg = Release|Any CPU
		{AB5CCE97-4D73-468A-A7D2-BB7BA726A1EF}.Release|x64.Build.0 = Release|Any CPU
		{AB5CCE97-4D73-468A-A7D2-BB7BA726A1EF}.Release|x86.ActiveCfg = Release|Any CPU
		{AB5CCE97-4D73-468A-A7D2-BB7BA726A1EF}.Release|x86.Build.0 = Release|Any CPU
		{10C6A7B7-9179-4FD7-B65A-BBCCCA22B475}.Debug|Any CPU.ActiveCfg = Debug|Any CPU
		{10C6A7B7-9179-4FD7-B65A-BBCCCA22B475}.Debug|Any CPU.Build.0 = Debug|Any CPU
		{10C6A7B7-9179-4FD7-B65A-BBCCCA22B475}.Debug|x64.ActiveCfg = Debug|Any CPU
		{10C6A7B7-9179-4FD7-B65A-BBCCCA22B475}.Debug|x64.Build.0 = Debug|Any CPU
		{10C6A7B7-9179-4FD7-B65A-BBCCCA22B475}.Debug|x86.ActiveCfg = Debug|Any CPU
		{10C6A7B7-9179-4FD7-B65A-BBCCCA22B475}.Debug|x86.Build.0 = Debug|Any CPU
		{10C6A7B7-9179-4FD7-B65A-BBCCCA22B475}.Release|Any CPU.ActiveCfg = Release|Any CPU
		{10C6A7B7-9179-4FD7-B65A-BBCCCA22B475}.Release|Any CPU.Build.0 = Release|Any CPU
		{10C6A7B7-9179-4FD7-B65A-BBCCCA22B475}.Release|x64.ActiveCfg = Release|Any CPU
		{10C6A7B7-9179-4FD7-B65A-BBCCCA22B475}.Release|x64.Build.0 = Release|Any CPU
		{10C6A7B7-9179-4FD7-B65A-BBCCCA22B475}.Release|x86.ActiveCfg = Release|Any CPU
		{10C6A7B7-9179-4FD7-B65A-BBCCCA22B475}.Release|x86.Build.0 = Release|Any CPU
	EndGlobalSection
	GlobalSection(SolutionProperties) = preSolution
		HideSolutionNode = FALSE
	EndGlobalSection
	GlobalSection(ExtensibilityGlobals) = postSolution
		SolutionGuid = {AE8D363C-F9C1-4624-9474-A434F2B815B5}
	EndGlobalSection
EndGlobal
